
Microsoft Visual Studio Solution File, Format Version 12.00
# Visual Studio Version 17
VisualStudioVersion = 17.13.35818.85 d17.13
MinimumVisualStudioVersion = 10.0.40219.1
Project("{FAE04EC0-301F-11D3-BF4B-00C04F79EFBC}") = "Geometr", "Geometr.csproj", "{78A65598-D045-43C4-B4E0-DD50DA1196D3}"
EndProject
Global
	GlobalSection(SolutionConfigurationPlatforms) = preSolution
		Debug|Any CPU = Debug|Any CPU
		Release|Any CPU = Release|Any CPU
	EndGlobalSection
	GlobalSection(ProjectConfigurationPlatforms) = postSolution
		{78A65598-D045-43C4-B4E0-DD50DA1196D3}.Debug|Any CPU.ActiveCfg = Debug|Any CPU
		{78A65598-D045-43C4-B4E0-DD50DA1196D3}.Debug|Any CPU.Build.0 = Debug|Any CPU
		{78A65598-D045-43C4-B4E0-DD50DA1196D3}.Release|Any CPU.ActiveCfg = Release|Any CPU
		{78A65598-D045-43C4-B4E0-DD50DA1196D3}.Release|Any CPU.Build.0 = Release|Any CPU
	EndGlobalSection
	GlobalSection(SolutionProperties) = preSolution
		HideSolutionNode = FALSE
	EndGlobalSection
	GlobalSection(ExtensibilityGlobals) = postSolution
		SolutionGuid = {5841DF9D-4666-4374-8B97-D0550818C99E}
	EndGlobalSection
EndGlobal
